
Microsoft Visual Studio Solution File, Format Version 12.00
# Visual Studio Version 16
VisualStudioVersion = 16.0.30804.86
MinimumVisualStudioVersion = 10.0.40219.1
Project("{FAE04EC0-301F-11D3-BF4B-00C04F79EFBC}") = "TournamentLibrary", "TournamentLibrary\TournamentLibrary.csproj", "{525B5590-DB61-4450-93DB-D2ACFD48B0C1}"
EndProject
Project("{FAE04EC0-301F-11D3-BF4B-00C04F79EFBC}") = "TrackerUI", "TrackerUI\TrackerUI.csproj", "{49739292-D56F-44D3-9A90-BBB8E8BDB584}"
EndProject
Global
	GlobalSection(SolutionConfigurationPlatforms) = preSolution
		Debug|Any CPU = Debug|Any CPU
		Release|Any CPU = Release|Any CPU
	EndGlobalSection
	GlobalSection(ProjectConfigurationPlatforms) = postSolution
		{525B5590-DB61-4450-93DB-D2ACFD48B0C1}.Debug|Any CPU.ActiveCfg = Debug|Any CPU
		{525B5590-DB61-4450-93DB-D2ACFD48B0C1}.Debug|Any CPU.Build.0 = Debug|Any CPU
		{525B5590-DB61-4450-93DB-D2ACFD48B0C1}.Release|Any CPU.ActiveCfg = Release|Any CPU
		{525B5590-DB61-4450-93DB-D2ACFD48B0C1}.Release|Any CPU.Build.0 = Release|Any CPU
		{49739292-D56F-44D3-9A90-BBB8E8BDB584}.Debug|Any CPU.ActiveCfg = Debug|Any CPU
		{49739292-D56F-44D3-9A90-BBB8E8BDB584}.Debug|Any CPU.Build.0 = Debug|Any CPU
		{49739292-D56F-44D3-9A90-BBB8E8BDB584}.Release|Any CPU.ActiveCfg = Release|Any CPU
		{49739292-D56F-44D3-9A90-BBB8E8BDB584}.Release|Any CPU.Build.0 = Release|Any CPU
	EndGlobalSection
	GlobalSection(SolutionProperties) = preSolution
		HideSolutionNode = FALSE
	EndGlobalSection
	GlobalSection(ExtensibilityGlobals) = postSolution
		SolutionGuid = {2AB4206F-3914-4437-B69F-79A952DCB89F}
	EndGlobalSection
EndGlobal
